
Microsoft Visual Studio Solution File, Format Version 12.00
# Visual Studio Version 17
VisualStudioVersion = 17.9.34701.34
MinimumVisualStudioVersion = 10.0.40219.1
Project("{8BC9CEB8-8B4A-11D0-8D11-00A0C91BC942}") = "Pointers", "Pointers\Pointers.vcxproj", "{BF7EF566-4B84-4942-B53D-676FE5F6EC31}"
EndProject
Project("{8BC9CEB8-8B4A-11D0-8D11-00A0C91BC942}") = "TransferParametrs", "TransferParametrs\TransferParametrs.vcxproj", "{E324ADF7-7F23-4A10-9327-105CAE6B359D}"
EndProject
Project("{8BC9CEB8-8B4A-11D0-8D11-00A0C91BC942}") = "References", "References\References.vcxproj", "{6E20363B-01E5-4608-B5A1-8055C9C4CA3E}"
EndProject
Project("{8BC9CEB8-8B4A-11D0-8D11-00A0C91BC942}") = "DinamicMemory", "DinamicMemory\DinamicMemory.vcxproj", "{2EBB173D-0A5B-4559-B233-A70312EB9004}"
EndProject
Project("{8BC9CEB8-8B4A-11D0-8D11-00A0C91BC942}") = "Split", "Split\Split.vcxproj", "{FCED8B2D-5EE3-4216-A5FC-47F9B962BBD0}"
EndProject
Global
	GlobalSection(SolutionConfigurationPlatforms) = preSolution
		Debug|x64 = Debug|x64
		Debug|x86 = Debug|x86
		Release|x64 = Release|x64
		Release|x86 = Release|x86
	EndGlobalSection
	GlobalSection(ProjectConfigurationPlatforms) = postSolution
		{BF7EF566-4B84-4942-B53D-676FE5F6EC31}.Debug|x64.ActiveCfg = Debug|x64
		{BF7EF566-4B84-4942-B53D-676FE5F6EC31}.Debug|x64.Build.0 = Debug|x64
		{BF7EF566-4B84-4942-B53D-676FE5F6EC31}.Debug|x86.ActiveCfg = Debug|Win32
		{BF7EF566-4B84-4942-B53D-676FE5F6EC31}.Debug|x86.Build.0 = Debug|Win32
		{BF7EF566-4B84-4942-B53D-676FE5F6EC31}.Release|x64.ActiveCfg = Release|x64
		{BF7EF566-4B84-4942-B53D-676FE5F6EC31}.Release|x64.Build.0 = Release|x64
		{BF7EF566-4B84-4942-B53D-676FE5F6EC31}.Release|x86.ActiveCfg = Release|Win32
		{BF7EF566-4B84-4942-B53D-676FE5F6EC31}.Release|x86.Build.0 = Release|Win32
		{E324ADF7-7F23-4A10-9327-105CAE6B359D}.Debug|x64.ActiveCfg = Debug|x64
		{E324ADF7-7F23-4A10-9327-105CAE6B359D}.Debug|x64.Build.0 = Debug|x64
		{E324ADF7-7F23-4A10-9327-105CAE6B359D}.Debug|x86.ActiveCfg = Debug|Win32
		{E324ADF7-7F23-4A10-9327-105CAE6B359D}.Debug|x86.Build.0 = Debug|Win32
		{E324ADF7-7F23-4A10-9327-105CAE6B359D}.Release|x64.ActiveCfg = Release|x64
		{E324ADF7-7F23-4A10-9327-105CAE6B359D}.Release|x64.Build.0 = Release|x64
		{E324ADF7-7F23-4A10-9327-105CAE6B359D}.Release|x86.ActiveCfg = Release|Win32
		{E324ADF7-7F23-4A10-9327-105CAE6B359D}.Release|x86.Build.0 = Release|Win32
		{6E20363B-01E5-4608-B5A1-8055C9C4CA3E}.Debug|x64.ActiveCfg = Debug|x64
		{6E20363B-01E5-4608-B5A1-8055C9C4CA3E}.Debug|x64.Build.0 = Debug|x64
		{6E20363B-01E5-4608-B5A1-8055C9C4CA3E}.Debug|x86.ActiveCfg = Debug|Win32
		{6E20363B-01E5-4608-B5A1-8055C9C4CA3E}.Debug|x86.Build.0 = Debug|Win32
		{6E20363B-01E5-4608-B5A1-8055C9C4CA3E}.Release|x64.ActiveCfg = Release|x64
		{6E20363B-01E5-4608-B5A1-8055C9C4CA3E}.Release|x64.Build.0 = Release|x64
		{6E20363B-01E5-4608-B5A1-8055C9C4CA3E}.Release|x86.ActiveCfg = Release|Win32
		{6E20363B-01E5-4608-B5A1-8055C9C4CA3E}.Release|x86.Build.0 = Release|Win32
		{2EBB173D-0A5B-4559-B233-A70312EB9004}.Debug|x64.ActiveCfg = Debug|x64
		{2EBB173D-0A5B-4559-B233-A70312EB9004}.Debug|x64.Build.0 = Debug|x64
		{2EBB173D-0A5B-4559-B233-A70312EB9004}.Debug|x86.ActiveCfg = Debug|Win32
		{2EBB173D-0A5B-4559-B233-A70312EB9004}.Debug|x86.Build.0 = Debug|Win32
		{2EBB173D-0A5B-4559-B233-A70312EB9004}.Release|x64.ActiveCfg = Release|x64
		{2EBB173D-0A5B-4559-B233-A70312EB9004}.Release|x64.Build.0 = Release|x64
		{2EBB173D-0A5B-4559-B233-A70312EB9004}.Release|x86.ActiveCfg = Release|Win32
		{2EBB173D-0A5B-4559-B233-A70312EB9004}.Release|x86.Build.0 = Release|Win32
		{FCED8B2D-5EE3-4216-A5FC-47F9B962BBD0}.Debug|x64.ActiveCfg = Debug|x64
		{FCED8B2D-5EE3-4216-A5FC-47F9B962BBD0}.Debug|x64.Build.0 = Debug|x64
		{FCED8B2D-5EE3-4216-A5FC-47F9B962BBD0}.Debug|x86.ActiveCfg = Debug|Win32
		{FCED8B2D-5EE3-4216-A5FC-47F9B962BBD0}.Debug|x86.Build.0 = Debug|Win32
		{FCED8B2D-5EE3-4216-A5FC-47F9B962BBD0}.Release|x64.ActiveCfg = Release|x64
		{FCED8B2D-5EE3-4216-A5FC-47F9B962BBD0}.Release|x64.Build.0 = Release|x64
		{FCED8B2D-5EE3-4216-A5FC-47F9B962BBD0}.Release|x86.ActiveCfg = Release|Win32
		{FCED8B2D-5EE3-4216-A5FC-47F9B962BBD0}.Release|x86.Build.0 = Release|Win32
	EndGlobalSection
	GlobalSection(SolutionProperties) = preSolution
		HideSolutionNode = FALSE
	EndGlobalSection
	GlobalSection(ExtensibilityGlobals) = postSolution
		SolutionGuid = {E9D0A2D2-779C-4927-9DCC-29D138830816}
	EndGlobalSection
EndGlobal
